
Microsoft Visual Studio Solution File, Format Version 12.00
# Visual Studio Version 16
VisualStudioVersion = 16.0.30523.141
MinimumVisualStudioVersion = 10.0.40219.1
Project("{FAE04EC0-301F-11D3-BF4B-00C04F79EFBC}") = "CharacterCreator.Winforms", "CharacterCreator.Winforms\CharacterCreator.Winforms.csproj", "{3328DA47-2ABE-401B-BEFA-FACE3BCF36F6}"
EndProject
Project("{FAE04EC0-301F-11D3-BF4B-00C04F79EFBC}") = "CharacterCreator", "CharacterCreator\CharacterCreator.csproj", "{6E47A0FE-93A3-49FD-9E1D-63E95BD2A800}"
EndProject
Global
	GlobalSection(SolutionConfigurationPlatforms) = preSolution
		Debug|Any CPU = Debug|Any CPU
		Release|Any CPU = Release|Any CPU
	EndGlobalSection
	GlobalSection(ProjectConfigurationPlatforms) = postSolution
		{3328DA47-2ABE-401B-BEFA-FACE3BCF36F6}.Debug|Any CPU.ActiveCfg = Debug|Any CPU
		{3328DA47-2ABE-401B-BEFA-FACE3BCF36F6}.Debug|Any CPU.Build.0 = Debug|Any CPU
		{3328DA47-2ABE-401B-BEFA-FACE3BCF36F6}.Release|Any CPU.ActiveCfg = Release|Any CPU
		{3328DA47-2ABE-401B-BEFA-FACE3BCF36F6}.Release|Any CPU.Build.0 = Release|Any CPU
		{6E47A0FE-93A3-49FD-9E1D-63E95BD2A800}.Debug|Any CPU.ActiveCfg = Debug|Any CPU
		{6E47A0FE-93A3-49FD-9E1D-63E95BD2A800}.Debug|Any CPU.Build.0 = Debug|Any CPU
		{6E47A0FE-93A3-49FD-9E1D-63E95BD2A800}.Release|Any CPU.ActiveCfg = Release|Any CPU
		{6E47A0FE-93A3-49FD-9E1D-63E95BD2A800}.Release|Any CPU.Build.0 = Release|Any CPU
	EndGlobalSection
	GlobalSection(SolutionProperties) = preSolution
		HideSolutionNode = FALSE
	EndGlobalSection
	GlobalSection(ExtensibilityGlobals) = postSolution
		SolutionGuid = {FED0D334-62E4-4C86-AF8E-91B6BBF0F1A3}
	EndGlobalSection
EndGlobal
